// !$*UTF8*$!
{
	archiveVersion = 1;
	classes = {
	};
	objectVersion = 52;
	objects = {

/* Begin PBXBuildFile section */
		076F3C3C256FC9860023CA42 /* CBKCurvedView.swift in Sources */ = {isa = PBXBuildFile; fileRef = 076F3C34256FC9860023CA42 /* CBKCurvedView.swift */; };
		076F3C3D256FC9860023CA42 /* CBKContextualMenuOptionCell.swift in Sources */ = {isa = PBXBuildFile; fileRef = 076F3C37256FC9860023CA42 /* CBKContextualMenuOptionCell.swift */; };
		076F3C3E256FC9860023CA42 /* CBKContextualMenuOptionCell.xib in Resources */ = {isa = PBXBuildFile; fileRef = 076F3C38256FC9860023CA42 /* CBKContextualMenuOptionCell.xib */; };
		076F3C3F256FC9860023CA42 /* CBKContextualMenuViewController.xib in Resources */ = {isa = PBXBuildFile; fileRef = 076F3C39256FC9860023CA42 /* CBKContextualMenuViewController.xib */; };
		076F3C40256FC9860023CA42 /* CBKBaseViewController.swift in Sources */ = {isa = PBXBuildFile; fileRef = 076F3C3A256FC9860023CA42 /* CBKBaseViewController.swift */; };
		076F3C41256FC9860023CA42 /* CBKContextualMenuViewController.swift in Sources */ = {isa = PBXBuildFile; fileRef = 076F3C3B256FC9860023CA42 /* CBKContextualMenuViewController.swift */; };
		076F3C44256FCBF40023CA42 /* TestingContextualMEnu.swift in Sources */ = {isa = PBXBuildFile; fileRef = 076F3C43256FCBF40023CA42 /* TestingContextualMEnu.swift */; };
		078A4F5C256BCC9700BC9BEC /* CB_Logger in Frameworks */ = {isa = PBXBuildFile; productRef = 078A4F5B256BCC9700BC9BEC /* CB_Logger */; };
		078A4F5E256BCC9700BC9BEC /* CB_UIKit in Frameworks */ = {isa = PBXBuildFile; productRef = 078A4F5D256BCC9700BC9BEC /* CB_UIKit */; };
		078A4F62256BFB2B00BC9BEC /* LoggerManager.swift in Sources */ = {isa = PBXBuildFile; fileRef = 078A4F61256BFB2B00BC9BEC /* LoggerManager.swift */; };
		078A4FB2256C683100BC9BEC /* Logger.xcdatamodeld in Sources */ = {isa = PBXBuildFile; fileRef = 078A4FB0256C683100BC9BEC /* Logger.xcdatamodeld */; };
		07FBC1202567136B00446CFC /* AppDelegate.swift in Sources */ = {isa = PBXBuildFile; fileRef = 07FBC11F2567136B00446CFC /* AppDelegate.swift */; };
		07FBC1242567136B00446CFC /* ViewController.swift in Sources */ = {isa = PBXBuildFile; fileRef = 07FBC1232567136B00446CFC /* ViewController.swift */; };
		07FBC1272567136B00446CFC /* Main.storyboard in Resources */ = {isa = PBXBuildFile; fileRef = 07FBC1252567136B00446CFC /* Main.storyboard */; };
		07FBC1292567137400446CFC /* Assets.xcassets in Resources */ = {isa = PBXBuildFile; fileRef = 07FBC1282567137400446CFC /* Assets.xcassets */; };
		07FBC12C2567137400446CFC /* LaunchScreen.storyboard in Resources */ = {isa = PBXBuildFile; fileRef = 07FBC12A2567137400446CFC /* LaunchScreen.storyboard */; };
		07FBC14B2567161500446CFC /* UIVIew+RoundedView.swift in Sources */ = {isa = PBXBuildFile; fileRef = 07FBC14A2567161500446CFC /* UIVIew+RoundedView.swift */; };
		07FBC150256726C500446CFC /* SimplyLogger in Frameworks */ = {isa = PBXBuildFile; productRef = 07FBC14F256726C500446CFC /* SimplyLogger */; };
		07FBC1532567B44D00446CFC /* GoogleService-Info.plist in Resources */ = {isa = PBXBuildFile; fileRef = 07FBC1522567B44D00446CFC /* GoogleService-Info.plist */; };
		07FBC1572567C99C00446CFC /* FirebaseFirestore in Frameworks */ = {isa = PBXBuildFile; productRef = 07FBC1562567C99C00446CFC /* FirebaseFirestore */; };
		07FBC1592567C99C00446CFC /* FirebaseDatabase in Frameworks */ = {isa = PBXBuildFile; productRef = 07FBC1582567C99C00446CFC /* FirebaseDatabase */; };
		07FBC15B2567C99C00446CFC /* FirebaseFirestoreSwift-Beta in Frameworks */ = {isa = PBXBuildFile; productRef = 07FBC15A2567C99C00446CFC /* FirebaseFirestoreSwift-Beta */; };
		07FBC15D2567C99C00446CFC /* GoogleUtilities_UserDefaults in Frameworks */ = {isa = PBXBuildFile; productRef = 07FBC15C2567C99C00446CFC /* GoogleUtilities_UserDefaults */; };
		07FBC15F2567C99C00446CFC /* FirebaseAnalytics in Frameworks */ = {isa = PBXBuildFile; productRef = 07FBC15E2567C99C00446CFC /* FirebaseAnalytics */; };
		07FBC1612567C99C00446CFC /* FirebaseStorageSwift-Beta in Frameworks */ = {isa = PBXBuildFile; productRef = 07FBC1602567C99C00446CFC /* FirebaseStorageSwift-Beta */; };
		07FBC1632567C99C00446CFC /* FirebaseCrashlytics in Frameworks */ = {isa = PBXBuildFile; productRef = 07FBC1622567C99C00446CFC /* FirebaseCrashlytics */; };
		07FBC1652567C99C00446CFC /* FirebaseMessaging in Frameworks */ = {isa = PBXBuildFile; productRef = 07FBC1642567C99C00446CFC /* FirebaseMessaging */; };
		07FBC1672567C99C00446CFC /* FirebaseStorage in Frameworks */ = {isa = PBXBuildFile; productRef = 07FBC1662567C99C00446CFC /* FirebaseStorage */; };
		07FBC1692567C99C00446CFC /* FirebaseRemoteConfig in Frameworks */ = {isa = PBXBuildFile; productRef = 07FBC1682567C99C00446CFC /* FirebaseRemoteConfig */; };
		07FBC16B2567C99C00446CFC /* FirebaseInAppMessaging-Beta in Frameworks */ = {isa = PBXBuildFile; productRef = 07FBC16A2567C99C00446CFC /* FirebaseInAppMessaging-Beta */; };
		07FBC183256988EF00446CFC /* 3DTouchShortcuts.swift in Sources */ = {isa = PBXBuildFile; fileRef = 07FBC182256988EE00446CFC /* 3DTouchShortcuts.swift */; };
		07FBC189256BC24200446CFC /* Realm in Frameworks */ = {isa = PBXBuildFile; productRef = 07FBC188256BC24200446CFC /* Realm */; };
		07FBC18B256BC24200446CFC /* RealmSwift in Frameworks */ = {isa = PBXBuildFile; productRef = 07FBC18A256BC24200446CFC /* RealmSwift */; };
/* End PBXBuildFile section */

/* Begin PBXFileReference section */
		0712698125824FDD00C59FE4 /* es */ = {isa = PBXFileReference; lastKnownFileType = text.plist.strings; name = es; path = es.lproj/Main.strings; sourceTree = "<group>"; };
		0712698225824FDD00C59FE4 /* es */ = {isa = PBXFileReference; lastKnownFileType = text.plist.strings; name = es; path = es.lproj/LaunchScreen.strings; sourceTree = "<group>"; };
		0712698425824FE400C59FE4 /* de */ = {isa = PBXFileReference; lastKnownFileType = text.plist.strings; name = de; path = de.lproj/Main.strings; sourceTree = "<group>"; };
		0712698525824FE400C59FE4 /* de */ = {isa = PBXFileReference; lastKnownFileType = text.plist.strings; name = de; path = de.lproj/LaunchScreen.strings; sourceTree = "<group>"; };
		0712698625824FEE00C59FE4 /* es */ = {isa = PBXFileReference; lastKnownFileType = text.plist.xml; name = es; path = es.lproj/Info.plist; sourceTree = "<group>"; };
		0712698825824FF800C59FE4 /* de */ = {isa = PBXFileReference; lastKnownFileType = text.plist.xml; name = de; path = de.lproj/Info.plist; sourceTree = "<group>"; };
		0712698925824FF900C59FE4 /* en */ = {isa = PBXFileReference; lastKnownFileType = text.plist.xml; name = en; path = en.lproj/Info.plist; sourceTree = "<group>"; };
		076F3C34256FC9860023CA42 /* CBKCurvedView.swift */ = {isa = PBXFileReference; fileEncoding = 4; lastKnownFileType = sourcecode.swift; path = CBKCurvedView.swift; sourceTree = "<group>"; };
		076F3C37256FC9860023CA42 /* CBKContextualMenuOptionCell.swift */ = {isa = PBXFileReference; fileEncoding = 4; lastKnownFileType = sourcecode.swift; path = CBKContextualMenuOptionCell.swift; sourceTree = "<group>"; };
		076F3C38256FC9860023CA42 /* CBKContextualMenuOptionCell.xib */ = {isa = PBXFileReference; fileEncoding = 4; lastKnownFileType = file.xib; path = CBKContextualMenuOptionCell.xib; sourceTree = "<group>"; };
		076F3C39256FC9860023CA42 /* CBKContextualMenuViewController.xib */ = {isa = PBXFileReference; fileEncoding = 4; lastKnownFileType = file.xib; path = CBKContextualMenuViewController.xib; sourceTree = "<group>"; };
		076F3C3A256FC9860023CA42 /* CBKBaseViewController.swift */ = {isa = PBXFileReference; fileEncoding = 4; lastKnownFileType = sourcecode.swift; path = CBKBaseViewController.swift; sourceTree = "<group>"; };
		076F3C3B256FC9860023CA42 /* CBKContextualMenuViewController.swift */ = {isa = PBXFileReference; fileEncoding = 4; lastKnownFileType = sourcecode.swift; path = CBKContextualMenuViewController.swift; sourceTree = "<group>"; };
		076F3C43256FCBF40023CA42 /* TestingContextualMEnu.swift */ = {isa = PBXFileReference; lastKnownFileType = sourcecode.swift; path = TestingContextualMEnu.swift; sourceTree = "<group>"; };
		078A4F61256BFB2B00BC9BEC /* LoggerManager.swift */ = {isa = PBXFileReference; lastKnownFileType = sourcecode.swift; path = LoggerManager.swift; sourceTree = "<group>"; };
		078A4FB1256C683100BC9BEC /* Logger.xcdatamodel */ = {isa = PBXFileReference; lastKnownFileType = wrapper.xcdatamodel; path = Logger.xcdatamodel; sourceTree = "<group>"; };
		07FBC11C2567136B00446CFC /* SandpitProject.app */ = {isa = PBXFileReference; explicitFileType = wrapper.application; includeInIndex = 0; path = SandpitProject.app; sourceTree = BUILT_PRODUCTS_DIR; };
		07FBC11F2567136B00446CFC /* AppDelegate.swift */ = {isa = PBXFileReference; lastKnownFileType = sourcecode.swift; path = AppDelegate.swift; sourceTree = "<group>"; };
		07FBC1232567136B00446CFC /* ViewController.swift */ = {isa = PBXFileReference; lastKnownFileType = sourcecode.swift; path = ViewController.swift; sourceTree = "<group>"; };
		07FBC1262567136B00446CFC /* Base */ = {isa = PBXFileReference; lastKnownFileType = file.storyboard; name = Base; path = Base.lproj/Main.storyboard; sourceTree = "<group>"; };
		07FBC1282567137400446CFC /* Assets.xcassets */ = {isa = PBXFileReference; lastKnownFileType = folder.assetcatalog; path = Assets.xcassets; sourceTree = "<group>"; };
		07FBC12B2567137400446CFC /* Base */ = {isa = PBXFileReference; lastKnownFileType = file.storyboard; name = Base; path = Base.lproj/LaunchScreen.storyboard; sourceTree = "<group>"; };
		07FBC14A2567161500446CFC /* UIVIew+RoundedView.swift */ = {isa = PBXFileReference; lastKnownFileType = sourcecode.swift; path = "UIVIew+RoundedView.swift"; sourceTree = "<group>"; };
		07FBC1522567B44D00446CFC /* GoogleService-Info.plist */ = {isa = PBXFileReference; fileEncoding = 4; lastKnownFileType = text.plist.xml; path = "GoogleService-Info.plist"; sourceTree = "<group>"; };
		07FBC182256988EE00446CFC /* 3DTouchShortcuts.swift */ = {isa = PBXFileReference; lastKnownFileType = sourcecode.swift; path = 3DTouchShortcuts.swift; sourceTree = "<group>"; };
/* End PBXFileReference section */

/* Begin PBXFrameworksBuildPhase section */
		07FBC1192567136B00446CFC /* Frameworks */ = {
			isa = PBXFrameworksBuildPhase;
			buildActionMask = 2147483647;
			files = (
				07FBC1692567C99C00446CFC /* FirebaseRemoteConfig in Frameworks */,
				07FBC1652567C99C00446CFC /* FirebaseMessaging in Frameworks */,
				078A4F5E256BCC9700BC9BEC /* CB_UIKit in Frameworks */,
				07FBC18B256BC24200446CFC /* RealmSwift in Frameworks */,
				07FBC1592567C99C00446CFC /* FirebaseDatabase in Frameworks */,
				07FBC15B2567C99C00446CFC /* FirebaseFirestoreSwift-Beta in Frameworks */,
				07FBC1672567C99C00446CFC /* FirebaseStorage in Frameworks */,
				078A4F5C256BCC9700BC9BEC /* CB_Logger in Frameworks */,
				07FBC15F2567C99C00446CFC /* FirebaseAnalytics in Frameworks */,
				07FBC150256726C500446CFC /* SimplyLogger in Frameworks */,
				07FBC15D2567C99C00446CFC /* GoogleUtilities_UserDefaults in Frameworks */,
				07FBC1632567C99C00446CFC /* FirebaseCrashlytics in Frameworks */,
				07FBC1612567C99C00446CFC /* FirebaseStorageSwift-Beta in Frameworks */,
				07FBC1572567C99C00446CFC /* FirebaseFirestore in Frameworks */,
				07FBC189256BC24200446CFC /* Realm in Frameworks */,
				07FBC16B2567C99C00446CFC /* FirebaseInAppMessaging-Beta in Frameworks */,
			);
			runOnlyForDeploymentPostprocessing = 0;
		};
/* End PBXFrameworksBuildPhase section */

/* Begin PBXGroup section */
		076F3C33256FC9860023CA42 /* ContextualMenu */ = {
			isa = PBXGroup;
			children = (
				076F3C34256FC9860023CA42 /* CBKCurvedView.swift */,
				076F3C35256FC9860023CA42 /* Controllers */,
			);
			path = ContextualMenu;
			sourceTree = "<group>";
		};
		076F3C35256FC9860023CA42 /* Controllers */ = {
			isa = PBXGroup;
			children = (
				076F3C36256FC9860023CA42 /* Cells */,
				076F3C39256FC9860023CA42 /* CBKContextualMenuViewController.xib */,
				076F3C3A256FC9860023CA42 /* CBKBaseViewController.swift */,
				076F3C3B256FC9860023CA42 /* CBKContextualMenuViewController.swift */,
			);
			path = Controllers;
			sourceTree = "<group>";
		};
		076F3C36256FC9860023CA42 /* Cells */ = {
			isa = PBXGroup;
			children = (
				076F3C37256FC9860023CA42 /* CBKContextualMenuOptionCell.swift */,
				076F3C38256FC9860023CA42 /* CBKContextualMenuOptionCell.xib */,
			);
			path = Cells;
			sourceTree = "<group>";
		};
		078A4F60256BFB0000BC9BEC /* Logger */ = {
			isa = PBXGroup;
			children = (
				078A4F61256BFB2B00BC9BEC /* LoggerManager.swift */,
				078A4FB0256C683100BC9BEC /* Logger.xcdatamodeld */,
			);
			path = Logger;
			sourceTree = "<group>";
		};
		07FBC1132567136B00446CFC = {
			isa = PBXGroup;
			children = (
				07FBC11E2567136B00446CFC /* SandpitProject */,
				07FBC11D2567136B00446CFC /* Products */,
			);
			sourceTree = "<group>";
		};
		07FBC11D2567136B00446CFC /* Products */ = {
			isa = PBXGroup;
			children = (
				07FBC11C2567136B00446CFC /* SandpitProject.app */,
			);
			name = Products;
			sourceTree = "<group>";
		};
		07FBC11E2567136B00446CFC /* SandpitProject */ = {
			isa = PBXGroup;
			children = (
				078A4F60256BFB0000BC9BEC /* Logger */,
				07FBC1812569888100446CFC /* 3DTouch */,
				07FBC1522567B44D00446CFC /* GoogleService-Info.plist */,
				07FBC134256713B600446CFC /* FeatureTests */,
				07FBC11F2567136B00446CFC /* AppDelegate.swift */,
				07FBC1232567136B00446CFC /* ViewController.swift */,
				07FBC1252567136B00446CFC /* Main.storyboard */,
				07FBC1282567137400446CFC /* Assets.xcassets */,
				07FBC12A2567137400446CFC /* LaunchScreen.storyboard */,
				0712698725824FEE00C59FE4 /* Info.plist */,
				076F3C43256FCBF40023CA42 /* TestingContextualMEnu.swift */,
			);
			path = SandpitProject;
			sourceTree = "<group>";
		};
		07FBC134256713B600446CFC /* FeatureTests */ = {
			isa = PBXGroup;
			children = (
				076F3C33256FC9860023CA42 /* ContextualMenu */,
				07FBC14A2567161500446CFC /* UIVIew+RoundedView.swift */,
			);
			path = FeatureTests;
			sourceTree = "<group>";
		};
		07FBC1812569888100446CFC /* 3DTouch */ = {
			isa = PBXGroup;
			children = (
				07FBC182256988EE00446CFC /* 3DTouchShortcuts.swift */,
			);
			path = 3DTouch;
			sourceTree = "<group>";
		};
/* End PBXGroup section */

/* Begin PBXNativeTarget section */
		07FBC11B2567136B00446CFC /* SandpitProject */ = {
			isa = PBXNativeTarget;
			buildConfigurationList = 07FBC1302567137400446CFC /* Build configuration list for PBXNativeTarget "SandpitProject" */;
			buildPhases = (
				07FBC1182567136B00446CFC /* Sources */,
				07FBC1192567136B00446CFC /* Frameworks */,
				07FBC11A2567136B00446CFC /* Resources */,
			);
			buildRules = (
			);
			dependencies = (
			);
			name = SandpitProject;
			packageProductDependencies = (
				07FBC14F256726C500446CFC /* SimplyLogger */,
				07FBC1562567C99C00446CFC /* FirebaseFirestore */,
				07FBC1582567C99C00446CFC /* FirebaseDatabase */,
				07FBC15A2567C99C00446CFC /* FirebaseFirestoreSwift-Beta */,
				07FBC15C2567C99C00446CFC /* GoogleUtilities_UserDefaults */,
				07FBC15E2567C99C00446CFC /* FirebaseAnalytics */,
				07FBC1602567C99C00446CFC /* FirebaseStorageSwift-Beta */,
				07FBC1622567C99C00446CFC /* FirebaseCrashlytics */,
				07FBC1642567C99C00446CFC /* FirebaseMessaging */,
				07FBC1662567C99C00446CFC /* FirebaseStorage */,
				07FBC1682567C99C00446CFC /* FirebaseRemoteConfig */,
				07FBC16A2567C99C00446CFC /* FirebaseInAppMessaging-Beta */,
				07FBC188256BC24200446CFC /* Realm */,
				07FBC18A256BC24200446CFC /* RealmSwift */,
				078A4F5B256BCC9700BC9BEC /* CB_Logger */,
				078A4F5D256BCC9700BC9BEC /* CB_UIKit */,
			);
			productName = SandpitProject;
			productReference = 07FBC11C2567136B00446CFC /* SandpitProject.app */;
			productType = "com.apple.product-type.application";
		};
/* End PBXNativeTarget section */

/* Begin PBXProject section */
		07FBC1142567136B00446CFC /* Project object */ = {
			isa = PBXProject;
			attributes = {
				LastSwiftUpdateCheck = 1220;
				LastUpgradeCheck = 1220;
				TargetAttributes = {
					07FBC11B2567136B00446CFC = {
						CreatedOnToolsVersion = 12.2;
					};
				};
			};
			buildConfigurationList = 07FBC1172567136B00446CFC /* Build configuration list for PBXProject "SandpitProject" */;
			compatibilityVersion = "Xcode 9.3";
			developmentRegion = en;
			hasScannedForEncodings = 0;
			knownRegions = (
				en,
				Base,
				es,
				de,
			);
			mainGroup = 07FBC1132567136B00446CFC;
			packageReferences = (
				07FBC14E256726C500446CFC /* XCRemoteSwiftPackageReference "SimplyLogger" */,
				07FBC1552567C99C00446CFC /* XCRemoteSwiftPackageReference "firebase-ios-sdk" */,
				07FBC187256BC24100446CFC /* XCRemoteSwiftPackageReference "realm-cocoa" */,
				078A4F5A256BCC9600BC9BEC /* XCRemoteSwiftPackageReference "SandpitProject" */,
			);
			productRefGroup = 07FBC11D2567136B00446CFC /* Products */;
			projectDirPath = "";
			projectRoot = "";
			targets = (
				07FBC11B2567136B00446CFC /* SandpitProject */,
			);
		};
/* End PBXProject section */

/* Begin PBXResourcesBuildPhase section */
		07FBC11A2567136B00446CFC /* Resources */ = {
			isa = PBXResourcesBuildPhase;
			buildActionMask = 2147483647;
			files = (
				07FBC12C2567137400446CFC /* LaunchScreen.storyboard in Resources */,
				076F3C3F256FC9860023CA42 /* CBKContextualMenuViewController.xib in Resources */,
				076F3C3E256FC9860023CA42 /* CBKContextualMenuOptionCell.xib in Resources */,
				07FBC1532567B44D00446CFC /* GoogleService-Info.plist in Resources */,
				07FBC1292567137400446CFC /* Assets.xcassets in Resources */,
				07FBC1272567136B00446CFC /* Main.storyboard in Resources */,
			);
			runOnlyForDeploymentPostprocessing = 0;
		};
/* End PBXResourcesBuildPhase section */

/* Begin PBXSourcesBuildPhase section */
		07FBC1182567136B00446CFC /* Sources */ = {
			isa = PBXSourcesBuildPhase;
			buildActionMask = 2147483647;
			files = (
				078A4F62256BFB2B00BC9BEC /* LoggerManager.swift in Sources */,
				076F3C44256FCBF40023CA42 /* TestingContextualMEnu.swift in Sources */,
				076F3C3C256FC9860023CA42 /* CBKCurvedView.swift in Sources */,
				07FBC183256988EF00446CFC /* 3DTouchShortcuts.swift in Sources */,
				076F3C41256FC9860023CA42 /* CBKContextualMenuViewController.swift in Sources */,
				076F3C3D256FC9860023CA42 /* CBKContextualMenuOptionCell.swift in Sources */,
				07FBC1242567136B00446CFC /* ViewController.swift in Sources */,
				07FBC1202567136B00446CFC /* AppDelegate.swift in Sources */,
				07FBC14B2567161500446CFC /* UIVIew+RoundedView.swift in Sources */,
				078A4FB2256C683100BC9BEC /* Logger.xcdatamodeld in Sources */,
				076F3C40256FC9860023CA42 /* CBKBaseViewController.swift in Sources */,
			);
			runOnlyForDeploymentPostprocessing = 0;
		};
/* End PBXSourcesBuildPhase section */

/* Begin PBXVariantGroup section */
		0712698725824FEE00C59FE4 /* Info.plist */ = {
			isa = PBXVariantGroup;
			children = (
				0712698625824FEE00C59FE4 /* es */,
				0712698825824FF800C59FE4 /* de */,
				0712698925824FF900C59FE4 /* en */,
			);
			name = Info.plist;
			sourceTree = "<group>";
		};
		07FBC1252567136B00446CFC /* Main.storyboard */ = {
			isa = PBXVariantGroup;
			children = (
				07FBC1262567136B00446CFC /* Base */,
				0712698125824FDD00C59FE4 /* es */,
				0712698425824FE400C59FE4 /* de */,
			);
			name = Main.storyboard;
			sourceTree = "<group>";
		};
		07FBC12A2567137400446CFC /* LaunchScreen.storyboard */ = {
			isa = PBXVariantGroup;
			children = (
				07FBC12B2567137400446CFC /* Base */,
				0712698225824FDD00C59FE4 /* es */,
				0712698525824FE400C59FE4 /* de */,
			);
			name = LaunchScreen.storyboard;
			sourceTree = "<group>";
		};
/* End PBXVariantGroup section */

/* Begin XCBuildConfiguration section */
		07FBC12E2567137400446CFC /* Debug */ = {
			isa = XCBuildConfiguration;
			buildSettings = {
				ALWAYS_SEARCH_USER_PATHS = NO;
				CLANG_ANALYZER_LOCALIZABILITY_NONLOCALIZED = YES;
				CLANG_ANALYZER_NONNULL = YES;
				CLANG_ANALYZER_NUMBER_OBJECT_CONVERSION = YES_AGGRESSIVE;
				CLANG_CXX_LANGUAGE_STANDARD = "gnu++14";
				CLANG_CXX_LIBRARY = "libc++";
				CLANG_ENABLE_MODULES = YES;
				CLANG_ENABLE_OBJC_ARC = YES;
				CLANG_ENABLE_OBJC_WEAK = YES;
				CLANG_WARN_BLOCK_CAPTURE_AUTORELEASING = YES;
				CLANG_WARN_BOOL_CONVERSION = YES;
				CLANG_WARN_COMMA = YES;
				CLANG_WARN_CONSTANT_CONVERSION = YES;
				CLANG_WARN_DEPRECATED_OBJC_IMPLEMENTATIONS = YES;
				CLANG_WARN_DIRECT_OBJC_ISA_USAGE = YES_ERROR;
				CLANG_WARN_DOCUMENTATION_COMMENTS = YES;
				CLANG_WARN_EMPTY_BODY = YES;
				CLANG_WARN_ENUM_CONVERSION = YES;
				CLANG_WARN_INFINITE_RECURSION = YES;
				CLANG_WARN_INT_CONVERSION = YES;
				CLANG_WARN_NON_LITERAL_NULL_CONVERSION = YES;
				CLANG_WARN_OBJC_IMPLICIT_RETAIN_SELF = YES;
				CLANG_WARN_OBJC_LITERAL_CONVERSION = YES;
				CLANG_WARN_OBJC_ROOT_CLASS = YES_ERROR;
				CLANG_WARN_QUOTED_INCLUDE_IN_FRAMEWORK_HEADER = YES;
				CLANG_WARN_RANGE_LOOP_ANALYSIS = YES;
				CLANG_WARN_STRICT_PROTOTYPES = YES;
				CLANG_WARN_SUSPICIOUS_MOVE = YES;
				CLANG_WARN_UNGUARDED_AVAILABILITY = YES_AGGRESSIVE;
				CLANG_WARN_UNREACHABLE_CODE = YES;
				CLANG_WARN__DUPLICATE_METHOD_MATCH = YES;
				COPY_PHASE_STRIP = NO;
				DEBUG_INFORMATION_FORMAT = dwarf;
				ENABLE_STRICT_OBJC_MSGSEND = YES;
				ENABLE_TESTABILITY = YES;
				GCC_C_LANGUAGE_STANDARD = gnu11;
				GCC_DYNAMIC_NO_PIC = NO;
				GCC_NO_COMMON_BLOCKS = YES;
				GCC_OPTIMIZATION_LEVEL = 0;
				GCC_PREPROCESSOR_DEFINITIONS = (
					"DEBUG=1",
					"$(inherited)",
				);
				GCC_WARN_64_TO_32_BIT_CONVERSION = YES;
				GCC_WARN_ABOUT_RETURN_TYPE = YES_ERROR;
				GCC_WARN_UNDECLARED_SELECTOR = YES;
				GCC_WARN_UNINITIALIZED_AUTOS = YES_AGGRESSIVE;
				GCC_WARN_UNUSED_FUNCTION = YES;
				GCC_WARN_UNUSED_VARIABLE = YES;
				IPHONEOS_DEPLOYMENT_TARGET = 14.2;
				MTL_ENABLE_DEBUG_INFO = INCLUDE_SOURCE;
				MTL_FAST_MATH = YES;
				ONLY_ACTIVE_ARCH = YES;
				SDKROOT = iphoneos;
				SWIFT_ACTIVE_COMPILATION_CONDITIONS = DEBUG;
				SWIFT_OPTIMIZATION_LEVEL = "-Onone";
			};
			name = Debug;
		};
		07FBC12F2567137400446CFC /* Release */ = {
			isa = XCBuildConfiguration;
			buildSettings = {
				ALWAYS_SEARCH_USER_PATHS = NO;
				CLANG_ANALYZER_LOCALIZABILITY_NONLOCALIZED = YES;
				CLANG_ANALYZER_NONNULL = YES;
				CLANG_ANALYZER_NUMBER_OBJECT_CONVERSION = YES_AGGRESSIVE;
				CLANG_CXX_LANGUAGE_STANDARD = "gnu++14";
				CLANG_CXX_LIBRARY = "libc++";
				CLANG_ENABLE_MODULES = YES;
				CLANG_ENABLE_OBJC_ARC = YES;
				CLANG_ENABLE_OBJC_WEAK = YES;
				CLANG_WARN_BLOCK_CAPTURE_AUTORELEASING = YES;
				CLANG_WARN_BOOL_CONVERSION = YES;
				CLANG_WARN_COMMA = YES;
				CLANG_WARN_CONSTANT_CONVERSION = YES;
				CLANG_WARN_DEPRECATED_OBJC_IMPLEMENTATIONS = YES;
				CLANG_WARN_DIRECT_OBJC_ISA_USAGE = YES_ERROR;
				CLANG_WARN_DOCUMENTATION_COMMENTS = YES;
				CLANG_WARN_EMPTY_BODY = YES;
				CLANG_WARN_ENUM_CONVERSION = YES;
				CLANG_WARN_INFINITE_RECURSION = YES;
				CLANG_WARN_INT_CONVERSION = YES;
				CLANG_WARN_NON_LITERAL_NULL_CONVERSION = YES;
				CLANG_WARN_OBJC_IMPLICIT_RETAIN_SELF = YES;
				CLANG_WARN_OBJC_LITERAL_CONVERSION = YES;
				CLANG_WARN_OBJC_ROOT_CLASS = YES_ERROR;
				CLANG_WARN_QUOTED_INCLUDE_IN_FRAMEWORK_HEADER = YES;
				CLANG_WARN_RANGE_LOOP_ANALYSIS = YES;
				CLANG_WARN_STRICT_PROTOTYPES = YES;
				CLANG_WARN_SUSPICIOUS_MOVE = YES;
				CLANG_WARN_UNGUARDED_AVAILABILITY = YES_AGGRESSIVE;
				CLANG_WARN_UNREACHABLE_CODE = YES;
				CLANG_WARN__DUPLICATE_METHOD_MATCH = YES;
				COPY_PHASE_STRIP = NO;
				DEBUG_INFORMATION_FORMAT = "dwarf-with-dsym";
				ENABLE_NS_ASSERTIONS = NO;
				ENABLE_STRICT_OBJC_MSGSEND = YES;
				GCC_C_LANGUAGE_STANDARD = gnu11;
				GCC_NO_COMMON_BLOCKS = YES;
				GCC_WARN_64_TO_32_BIT_CONVERSION = YES;
				GCC_WARN_ABOUT_RETURN_TYPE = YES_ERROR;
				GCC_WARN_UNDECLARED_SELECTOR = YES;
				GCC_WARN_UNINITIALIZED_AUTOS = YES_AGGRESSIVE;
				GCC_WARN_UNUSED_FUNCTION = YES;
				GCC_WARN_UNUSED_VARIABLE = YES;
				IPHONEOS_DEPLOYMENT_TARGET = 14.2;
				MTL_ENABLE_DEBUG_INFO = NO;
				MTL_FAST_MATH = YES;
				SDKROOT = iphoneos;
				SWIFT_COMPILATION_MODE = wholemodule;
				SWIFT_OPTIMIZATION_LEVEL = "-O";
				VALIDATE_PRODUCT = YES;
			};
			name = Release;
		};
		07FBC1312567137400446CFC /* Debug */ = {
			isa = XCBuildConfiguration;
			buildSettings = {
				ASSETCATALOG_COMPILER_APPICON_NAME = AppIcon;
				ASSETCATALOG_COMPILER_GLOBAL_ACCENT_COLOR_NAME = AccentColor;
				CODE_SIGN_STYLE = Automatic;
				DEVELOPMENT_TEAM = 8LYY6BZ69B;
				INFOPLIST_FILE = SandpitProject/Info.plist;
				IPHONEOS_DEPLOYMENT_TARGET = 12.0;
				LD_RUNPATH_SEARCH_PATHS = (
					"$(inherited)",
					"@executable_path/Frameworks",
				);
				OTHER_LDFLAGS = "-ObjC";
				PRODUCT_BUNDLE_IDENTIFIER = com.codenationdev.SandpitProject;
				PRODUCT_NAME = "$(TARGET_NAME)";
				SWIFT_VERSION = 5.0;
				TARGETED_DEVICE_FAMILY = "1,2";
			};
			name = Debug;
		};
		07FBC1322567137400446CFC /* Release */ = {
			isa = XCBuildConfiguration;
			buildSettings = {
				ASSETCATALOG_COMPILER_APPICON_NAME = AppIcon;
				ASSETCATALOG_COMPILER_GLOBAL_ACCENT_COLOR_NAME = AccentColor;
				CODE_SIGN_STYLE = Automatic;
				DEVELOPMENT_TEAM = 8LYY6BZ69B;
				INFOPLIST_FILE = SandpitProject/Info.plist;
				IPHONEOS_DEPLOYMENT_TARGET = 12.0;
				LD_RUNPATH_SEARCH_PATHS = (
					"$(inherited)",
					"@executable_path/Frameworks",
				);
				OTHER_LDFLAGS = "-ObjC";
				PRODUCT_BUNDLE_IDENTIFIER = com.codenationdev.SandpitProject;
				PRODUCT_NAME = "$(TARGET_NAME)";
				SWIFT_VERSION = 5.0;
				TARGETED_DEVICE_FAMILY = "1,2";
			};
			name = Release;
		};
/* End XCBuildConfiguration section */

/* Begin XCConfigurationList section */
		07FBC1172567136B00446CFC /* Build configuration list for PBXProject "SandpitProject" */ = {
			isa = XCConfigurationList;
			buildConfigurations = (
				07FBC12E2567137400446CFC /* Debug */,
				07FBC12F2567137400446CFC /* Release */,
			);
			defaultConfigurationIsVisible = 0;
			defaultConfigurationName = Release;
		};
		07FBC1302567137400446CFC /* Build configuration list for PBXNativeTarget "SandpitProject" */ = {
			isa = XCConfigurationList;
			buildConfigurations = (
				07FBC1312567137400446CFC /* Debug */,
				07FBC1322567137400446CFC /* Release */,
			);
			defaultConfigurationIsVisible = 0;
			defaultConfigurationName = Release;
		};
/* End XCConfigurationList section */

/* Begin XCRemoteSwiftPackageReference section */
		078A4F5A256BCC9600BC9BEC /* XCRemoteSwiftPackageReference "SandpitProject" */ = {
			isa = XCRemoteSwiftPackageReference;
			repositoryURL = "https://github.com/CodeNationDev/SandpitProject.git";
			requirement = {
				branch = main;
				kind = branch;
			};
		};
		07FBC14E256726C500446CFC /* XCRemoteSwiftPackageReference "SimplyLogger" */ = {
			isa = XCRemoteSwiftPackageReference;
			repositoryURL = "https://github.com/CodeNationDev/SimplyLogger.git";
			requirement = {
				branch = main;
				kind = branch;
			};
		};
		07FBC1552567C99C00446CFC /* XCRemoteSwiftPackageReference "firebase-ios-sdk" */ = {
			isa = XCRemoteSwiftPackageReference;
			repositoryURL = "https://github.com/firebase/firebase-ios-sdk.git";
			requirement = {
				kind = upToNextMajorVersion;
				minimumVersion = 7.1.0;
			};
		};
		07FBC187256BC24100446CFC /* XCRemoteSwiftPackageReference "realm-cocoa" */ = {
			isa = XCRemoteSwiftPackageReference;
			repositoryURL = "https://github.com/realm/realm-cocoa.git";
			requirement = {
				kind = upToNextMajorVersion;
				minimumVersion = 10.1.4;
			};
		};
/* End XCRemoteSwiftPackageReference section */

/* Begin XCSwiftPackageProductDependency section */
		078A4F5B256BCC9700BC9BEC /* CB_Logger */ = {
			isa = XCSwiftPackageProductDependency;
			package = 078A4F5A256BCC9600BC9BEC /* XCRemoteSwiftPackageReference "SandpitProject" */;
			productName = CB_Logger;
		};
		078A4F5D256BCC9700BC9BEC /* CB_UIKit */ = {
			isa = XCSwiftPackageProductDependency;
			package = 078A4F5A256BCC9600BC9BEC /* XCRemoteSwiftPackageReference "SandpitProject" */;
			productName = CB_UIKit;
		};
		07FBC14F256726C500446CFC /* SimplyLogger */ = {
			isa = XCSwiftPackageProductDependency;
			package = 07FBC14E256726C500446CFC /* XCRemoteSwiftPackageReference "SimplyLogger" */;
			productName = SimplyLogger;
		};
		07FBC1562567C99C00446CFC /* FirebaseFirestore */ = {
			isa = XCSwiftPackageProductDependency;
			package = 07FBC1552567C99C00446CFC /* XCRemoteSwiftPackageReference "firebase-ios-sdk" */;
			productName = FirebaseFirestore;
		};
		07FBC1582567C99C00446CFC /* FirebaseDatabase */ = {
			isa = XCSwiftPackageProductDependency;
			package = 07FBC1552567C99C00446CFC /* XCRemoteSwiftPackageReference "firebase-ios-sdk" */;
			productName = FirebaseDatabase;
		};
		07FBC15A2567C99C00446CFC /* FirebaseFirestoreSwift-Beta */ = {
			isa = XCSwiftPackageProductDependency;
			package = 07FBC1552567C99C00446CFC /* XCRemoteSwiftPackageReference "firebase-ios-sdk" */;
			productName = "FirebaseFirestoreSwift-Beta";
		};
		07FBC15C2567C99C00446CFC /* GoogleUtilities_UserDefaults */ = {
			isa = XCSwiftPackageProductDependency;
			package = 07FBC1552567C99C00446CFC /* XCRemoteSwiftPackageReference "firebase-ios-sdk" */;
			productName = GoogleUtilities_UserDefaults;
		};
		07FBC15E2567C99C00446CFC /* FirebaseAnalytics */ = {
			isa = XCSwiftPackageProductDependency;
			package = 07FBC1552567C99C00446CFC /* XCRemoteSwiftPackageReference "firebase-ios-sdk" */;
			productName = FirebaseAnalytics;
		};
		07FBC1602567C99C00446CFC /* FirebaseStorageSwift-Beta */ = {
			isa = XCSwiftPackageProductDependency;
			package = 07FBC1552567C99C00446CFC /* XCRemoteSwiftPackageReference "firebase-ios-sdk" */;
			productName = "FirebaseStorageSwift-Beta";
		};
		07FBC1622567C99C00446CFC /* FirebaseCrashlytics */ = {
			isa = XCSwiftPackageProductDependency;
			package = 07FBC1552567C99C00446CFC /* XCRemoteSwiftPackageReference "firebase-ios-sdk" */;
			productName = FirebaseCrashlytics;
		};
		07FBC1642567C99C00446CFC /* FirebaseMessaging */ = {
			isa = XCSwiftPackageProductDependency;
			package = 07FBC1552567C99C00446CFC /* XCRemoteSwiftPackageReference "firebase-ios-sdk" */;
			productName = FirebaseMessaging;
		};
		07FBC1662567C99C00446CFC /* FirebaseStorage */ = {
			isa = XCSwiftPackageProductDependency;
			package = 07FBC1552567C99C00446CFC /* XCRemoteSwiftPackageReference "firebase-ios-sdk" */;
			productName = FirebaseStorage;
		};
		07FBC1682567C99C00446CFC /* FirebaseRemoteConfig */ = {
			isa = XCSwiftPackageProductDependency;
			package = 07FBC1552567C99C00446CFC /* XCRemoteSwiftPackageReference "firebase-ios-sdk" */;
			productName = FirebaseRemoteConfig;
		};
		07FBC16A2567C99C00446CFC /* FirebaseInAppMessaging-Beta */ = {
			isa = XCSwiftPackageProductDependency;
			package = 07FBC1552567C99C00446CFC /* XCRemoteSwiftPackageReference "firebase-ios-sdk" */;
			productName = "FirebaseInAppMessaging-Beta";
		};
		07FBC188256BC24200446CFC /* Realm */ = {
			isa = XCSwiftPackageProductDependency;
			package = 07FBC187256BC24100446CFC /* XCRemoteSwiftPackageReference "realm-cocoa" */;
			productName = Realm;
		};
		07FBC18A256BC24200446CFC /* RealmSwift */ = {
			isa = XCSwiftPackageProductDependency;
			package = 07FBC187256BC24100446CFC /* XCRemoteSwiftPackageReference "realm-cocoa" */;
			productName = RealmSwift;
		};
/* End XCSwiftPackageProductDependency section */

/* Begin XCVersionGroup section */
		078A4FB0256C683100BC9BEC /* Logger.xcdatamodeld */ = {
			isa = XCVersionGroup;
			children = (
				078A4FB1256C683100BC9BEC /* Logger.xcdatamodel */,
			);
			currentVersion = 078A4FB1256C683100BC9BEC /* Logger.xcdatamodel */;
			path = Logger.xcdatamodeld;
			sourceTree = "<group>";
			versionGroupType = wrapper.xcdatamodel;
		};
/* End XCVersionGroup section */
	};
	rootObject = 07FBC1142567136B00446CFC /* Project object */;
}
